
Microsoft Visual Studio Solution File, Format Version 12.00
# Visual Studio Version 17
VisualStudioVersion = 17.11.35312.102
MinimumVisualStudioVersion = 10.0.40219.1
Project("{FAE04EC0-301F-11D3-BF4B-00C04F79EFBC}") = "DockerApp", "DockerApp\DockerApp.csproj", "{D6DE8D90-11F7-4345-BD57-9F6C0B8C5067}"
EndProject
Global
	GlobalSection(SolutionConfigurationPlatforms) = preSolution
		Debug|Any CPU = Debug|Any CPU
		Release|Any CPU = Release|Any CPU
	EndGlobalSection
	GlobalSection(ProjectConfigurationPlatforms) = postSolution
		{D6DE8D90-11F7-4345-BD57-9F6C0B8C5067}.Debug|Any CPU.ActiveCfg = Debug|Any CPU
		{D6DE8D90-11F7-4345-BD57-9F6C0B8C5067}.Debug|Any CPU.Build.0 = Debug|Any CPU
		{D6DE8D90-11F7-4345-BD57-9F6C0B8C5067}.Release|Any CPU.ActiveCfg = Release|Any CPU
		{D6DE8D90-11F7-4345-BD57-9F6C0B8C5067}.Release|Any CPU.Build.0 = Release|Any CPU
	EndGlobalSection
	GlobalSection(SolutionProperties) = preSolution
		HideSolutionNode = FALSE
	EndGlobalSection
	GlobalSection(ExtensibilityGlobals) = postSolution
		SolutionGuid = {A0214349-0473-4A69-A8E4-47F929523B89}
	EndGlobalSection
EndGlobal
